lockfileVersion: '9.0'

settings:
  autoInstallPeers: true
  excludeLinksFromLockfile: false

importers:

  .:
    dependencies:
      '@modelcontextprotocol/server':
        specifier: 2.0.0-alpha.2
        version: 2.0.0-alpha.2
    devDependencies:
      typescript:
        specifier: ^6.0.3
        version: 6.0.3

packages:

  '@modelcontextprotocol/server@2.0.0-alpha.2':
    resolution: {integrity: sha512-gmLgdHzlYM8L7Aw/+VE0kxjT25WKamtUSLNhdOgrJq5CrESvqVSoAfWSJJeNPUXNTluQ+dYDGFbKVitdsJtbPA==}
    engines: {node: '>=20'}
    peerDependencies:
      '@cfworker/json-schema': ^4.1.1
    peerDependenciesMeta:
      '@cfworker/json-schema':
        optional: true

  typescript@6.0.3:
    resolution: {integrity: sha512-y2TvuxSZPDyQakkFRPZHKFm+KKVqIisdg9/CZwm9ftvKXLP8NRWj38/ODjNbr43SsoXqNuAisEf1GdCxqWcdBw==}
    engines: {node: '>=14.17'}
    hasBin: true

  zod@4.4.3:
    resolution: {integrity: sha512-ytENFjIJFl2UwYglde2jchW2Hwm4GJFLDiSXWdTrJQBIN9Fcyp7n4DhxJEiWNAJMV1/BqWfW/kkg71UDcHJyTQ==}

snapshots:

  '@modelcontextprotocol/server@2.0.0-alpha.2':
    dependencies:
      zod: 4.4.3

  typescript@6.0.3: {}

  zod@4.4.3: {}
